
Microsoft Visual Studio Solution File, Format Version 12.00
Project("{FAE04EC0-301F-11D3-BF4B-00C04F79EFBC}") = "MetaAuth.Metamask.Blazor", "MetaAuth.Metamask.Blazor\MetaAuth.Metamask.Blazor.csproj", "{E60F640A-5779-4233-9246-678318235129}"
EndProject
Project("{FAE04EC0-301F-11D3-BF4B-00C04F79EFBC}") = "MetaAuth.ContractIntegration", "MetaAuth.ContractIntegration\MetaAuth.ContractIntegration.csproj", "{19B9A15C-0BC4-4123-B6FC-57D163B4235D}"
EndProject
Project("{FAE04EC0-301F-11D3-BF4B-00C04F79EFBC}") = "MetaAuth.Metamask", "MetaAuth.Metamask\MetaAuth.Metamask.csproj", "{455BA368-FE10-460E-94AF-54DEC436D3CF}"
EndProject
Project("{FAE04EC0-301F-11D3-BF4B-00C04F79EFBC}") = "MetaAuth.Utils", "MetaAuth.Utils\MetaAuth.Utils.csproj", "{5D3C1DD0-6F6E-4980-9A44-2597B23B8930}"
EndProject
Global
	GlobalSection(SolutionConfigurationPlatforms) = preSolution
		Debug|Any CPU = Debug|Any CPU
		Release|Any CPU = Release|Any CPU
	EndGlobalSection
	GlobalSection(ProjectConfigurationPlatforms) = postSolution
		{E60F640A-5779-4233-9246-678318235129}.Debug|Any CPU.ActiveCfg = Debug|Any CPU
		{E60F640A-5779-4233-9246-678318235129}.Debug|Any CPU.Build.0 = Debug|Any CPU
		{E60F640A-5779-4233-9246-678318235129}.Release|Any CPU.ActiveCfg = Release|Any CPU
		{E60F640A-5779-4233-9246-678318235129}.Release|Any CPU.Build.0 = Release|Any CPU
		{19B9A15C-0BC4-4123-B6FC-57D163B4235D}.Debug|Any CPU.ActiveCfg = Debug|Any CPU
		{19B9A15C-0BC4-4123-B6FC-57D163B4235D}.Debug|Any CPU.Build.0 = Debug|Any CPU
		{19B9A15C-0BC4-4123-B6FC-57D163B4235D}.Release|Any CPU.ActiveCfg = Release|Any CPU
		{19B9A15C-0BC4-4123-B6FC-57D163B4235D}.Release|Any CPU.Build.0 = Release|Any CPU
		{455BA368-FE10-460E-94AF-54DEC436D3CF}.Debug|Any CPU.ActiveCfg = Debug|Any CPU
		{455BA368-FE10-460E-94AF-54DEC436D3CF}.Debug|Any CPU.Build.0 = Debug|Any CPU
		{455BA368-FE10-460E-94AF-54DEC436D3CF}.Release|Any CPU.ActiveCfg = Release|Any CPU
		{455BA368-FE10-460E-94AF-54DEC436D3CF}.Release|Any CPU.Build.0 = Release|Any CPU
		{5D3C1DD0-6F6E-4980-9A44-2597B23B8930}.Debug|Any CPU.ActiveCfg = Debug|Any CPU
		{5D3C1DD0-6F6E-4980-9A44-2597B23B8930}.Debug|Any CPU.Build.0 = Debug|Any CPU
		{5D3C1DD0-6F6E-4980-9A44-2597B23B8930}.Release|Any CPU.ActiveCfg = Release|Any CPU
		{5D3C1DD0-6F6E-4980-9A44-2597B23B8930}.Release|Any CPU.Build.0 = Release|Any CPU
	EndGlobalSection
EndGlobal
